// !$*UTF8*$!
{
	archiveVersion = 1;
	classes = {
	};
	objectVersion = 50;
	objects = {

/* Begin PBXBuildFile section */
		5016D8FA25371B5300710F9A /* HouseTableViewCell.swift in Sources */ = {isa = PBXBuildFile; fileRef = 5016D8F825371B5300710F9A /* HouseTableViewCell.swift */; };
		5016D8FB25371B5300710F9A /* HouseTableViewCell.xib in Resources */ = {isa = PBXBuildFile; fileRef = 5016D8F925371B5300710F9A /* HouseTableViewCell.xib */; };
		5016D90525371D2600710F9A /* HouseListViewController.swift in Sources */ = {isa = PBXBuildFile; fileRef = 5016D90425371D2600710F9A /* HouseListViewController.swift */; };
		5016D90825371EEB00710F9A /* HouseListDataSource.swift in Sources */ = {isa = PBXBuildFile; fileRef = 5016D90725371EEB00710F9A /* HouseListDataSource.swift */; };
		5016D90B2537331C00710F9A /* UIImage.swift in Sources */ = {isa = PBXBuildFile; fileRef = 5016D90A2537331C00710F9A /* UIImage.swift */; };
		5016D9112537973900710F9A /* MapPoint.swift in Sources */ = {isa = PBXBuildFile; fileRef = 5016D9102537973900710F9A /* MapPoint.swift */; };
		5016D92B2538946D00710F9A /* HouseImageTableViewCell.swift in Sources */ = {isa = PBXBuildFile; fileRef = 5016D9292538946D00710F9A /* HouseImageTableViewCell.swift */; };
		5016D92C2538946D00710F9A /* HouseImageTableViewCell.xib in Resources */ = {isa = PBXBuildFile; fileRef = 5016D92A2538946D00710F9A /* HouseImageTableViewCell.xib */; };
		5016D9302538990300710F9A /* HouseDetailsTableViewCell.swift in Sources */ = {isa = PBXBuildFile; fileRef = 5016D92E2538990300710F9A /* HouseDetailsTableViewCell.swift */; };
		5016D9312538990300710F9A /* HouseDetailsTableViewCell.xib in Resources */ = {isa = PBXBuildFile; fileRef = 5016D92F2538990300710F9A /* HouseDetailsTableViewCell.xib */; };
		5016D93525389EF100710F9A /* HouseDescriptionTableViewCell.swift in Sources */ = {isa = PBXBuildFile; fileRef = 5016D93325389EF100710F9A /* HouseDescriptionTableViewCell.swift */; };
		5016D93625389EF100710F9A /* HouseDescriptionTableViewCell.xib in Resources */ = {isa = PBXBuildFile; fileRef = 5016D93425389EF100710F9A /* HouseDescriptionTableViewCell.xib */; };
		5016D945253979B100710F9A /* HouseDetailViewController.swift in Sources */ = {isa = PBXBuildFile; fileRef = 5016D944253979B100710F9A /* HouseDetailViewController.swift */; };
		5016D94825397E4E00710F9A /* HouseDetailDataSource.swift in Sources */ = {isa = PBXBuildFile; fileRef = 5016D94725397E4E00710F9A /* HouseDetailDataSource.swift */; };
		5071E39B2535F60000D2A119 /* AppDelegate.swift in Sources */ = {isa = PBXBuildFile; fileRef = 5071E39A2535F60000D2A119 /* AppDelegate.swift */; };
		5071E39D2535F60000D2A119 /* SceneDelegate.swift in Sources */ = {isa = PBXBuildFile; fileRef = 5071E39C2535F60000D2A119 /* SceneDelegate.swift */; };
		5071E3A22535F60000D2A119 /* Main.storyboard in Resources */ = {isa = PBXBuildFile; fileRef = 5071E3A02535F60000D2A119 /* Main.storyboard */; };
		5071E3A42535F60100D2A119 /* Assets.xcassets in Resources */ = {isa = PBXBuildFile; fileRef = 5071E3A32535F60100D2A119 /* Assets.xcassets */; };
		5071E3A72535F60100D2A119 /* LaunchScreen.storyboard in Resources */ = {isa = PBXBuildFile; fileRef = 5071E3A52535F60100D2A119 /* LaunchScreen.storyboard */; };
		5071E3B62535FAB100D2A119 /* Houses.swift in Sources */ = {isa = PBXBuildFile; fileRef = 5071E3B52535FAB100D2A119 /* Houses.swift */; };
		5071E3C12535FE6200D2A119 /* HouseList.json in Resources */ = {isa = PBXBuildFile; fileRef = 5071E3C02535FE6200D2A119 /* HouseList.json */; };
		5071E3C42535FE7200D2A119 /* HouseDetails.json in Resources */ = {isa = PBXBuildFile; fileRef = 5071E3C32535FE7200D2A119 /* HouseDetails.json */; };
/* End PBXBuildFile section */

/* Begin PBXFileReference section */
		5016D8F825371B5300710F9A /* HouseTableViewCell.swift */ = {isa = PBXFileReference; lastKnownFileType = sourcecode.swift; path = HouseTableViewCell.swift; sourceTree = "<group>"; };
		5016D8F925371B5300710F9A /* HouseTableViewCell.xib */ = {isa = PBXFileReference; lastKnownFileType = file.xib; path = HouseTableViewCell.xib; sourceTree = "<group>"; };
		5016D90425371D2600710F9A /* HouseListViewController.swift */ = {isa = PBXFileReference; lastKnownFileType = sourcecode.swift; path = HouseListViewController.swift; sourceTree = "<group>"; };
		5016D90725371EEB00710F9A /* HouseListDataSource.swift */ = {isa = PBXFileReference; lastKnownFileType = sourcecode.swift; path = HouseListDataSource.swift; sourceTree = "<group>"; };
		5016D90A2537331C00710F9A /* UIImage.swift */ = {isa = PBXFileReference; lastKnownFileType = sourcecode.swift; path = UIImage.swift; sourceTree = "<group>"; };
		5016D9102537973900710F9A /* MapPoint.swift */ = {isa = PBXFileReference; lastKnownFileType = sourcecode.swift; path = MapPoint.swift; sourceTree = "<group>"; };
		5016D9292538946D00710F9A /* HouseImageTableViewCell.swift */ = {isa = PBXFileReference; lastKnownFileType = sourcecode.swift; path = HouseImageTableViewCell.swift; sourceTree = "<group>"; };
		5016D92A2538946D00710F9A /* HouseImageTableViewCell.xib */ = {isa = PBXFileReference; lastKnownFileType = file.xib; path = HouseImageTableViewCell.xib; sourceTree = "<group>"; };
		5016D92E2538990300710F9A /* HouseDetailsTableViewCell.swift */ = {isa = PBXFileReference; lastKnownFileType = sourcecode.swift; path = HouseDetailsTableViewCell.swift; sourceTree = "<group>"; };
		5016D92F2538990300710F9A /* HouseDetailsTableViewCell.xib */ = {isa = PBXFileReference; lastKnownFileType = file.xib; path = HouseDetailsTableViewCell.xib; sourceTree = "<group>"; };
		5016D93325389EF100710F9A /* HouseDescriptionTableViewCell.swift */ = {isa = PBXFileReference; lastKnownFileType = sourcecode.swift; path = HouseDescriptionTableViewCell.swift; sourceTree = "<group>"; };
		5016D93425389EF100710F9A /* HouseDescriptionTableViewCell.xib */ = {isa = PBXFileReference; lastKnownFileType = file.xib; path = HouseDescriptionTableViewCell.xib; sourceTree = "<group>"; };
		5016D944253979B100710F9A /* HouseDetailViewController.swift */ = {isa = PBXFileReference; lastKnownFileType = sourcecode.swift; path = HouseDetailViewController.swift; sourceTree = "<group>"; };
		5016D94725397E4E00710F9A /* HouseDetailDataSource.swift */ = {isa = PBXFileReference; lastKnownFileType = sourcecode.swift; path = HouseDetailDataSource.swift; sourceTree = "<group>"; };
		5071E3972535F60000D2A119 /* ShareHouse.app */ = {isa = PBXFileReference; explicitFileType = wrapper.application; includeInIndex = 0; path = ShareHouse.app; sourceTree = BUILT_PRODUCTS_DIR; };
		5071E39A2535F60000D2A119 /* AppDelegate.swift */ = {isa = PBXFileReference; lastKnownFileType = sourcecode.swift; path = AppDelegate.swift; sourceTree = "<group>"; };
		5071E39C2535F60000D2A119 /* SceneDelegate.swift */ = {isa = PBXFileReference; lastKnownFileType = sourcecode.swift; path = SceneDelegate.swift; sourceTree = "<group>"; };
		5071E3A12535F60000D2A119 /* Base */ = {isa = PBXFileReference; lastKnownFileType = file.storyboard; name = Base; path = Base.lproj/Main.storyboard; sourceTree = "<group>"; };
		5071E3A32535F60100D2A119 /* Assets.xcassets */ = {isa = PBXFileReference; lastKnownFileType = folder.assetcatalog; path = Assets.xcassets; sourceTree = "<group>"; };
		5071E3A62535F60100D2A119 /* Base */ = {isa = PBXFileReference; lastKnownFileType = file.storyboard; name = Base; path = Base.lproj/LaunchScreen.storyboard; sourceTree = "<group>"; };
		5071E3A82535F60100D2A119 /* Info.plist */ = {isa = PBXFileReference; lastKnownFileType = text.plist.xml; path = Info.plist; sourceTree = "<group>"; };
		5071E3B52535FAB100D2A119 /* Houses.swift */ = {isa = PBXFileReference; lastKnownFileType = sourcecode.swift; path = Houses.swift; sourceTree = "<group>"; };
		5071E3C02535FE6200D2A119 /* HouseList.json */ = {isa = PBXFileReference; fileEncoding = 4; lastKnownFileType = text.json; path = HouseList.json; sourceTree = "<group>"; };
		5071E3C32535FE7200D2A119 /* HouseDetails.json */ = {isa = PBXFileReference; fileEncoding = 4; lastKnownFileType = text.json; path = HouseDetails.json; sourceTree = "<group>"; };
/* End PBXFileReference section */

/* Begin PBXFrameworksBuildPhase section */
		5071E3942535F60000D2A119 /* Frameworks */ = {
			isa = PBXFrameworksBuildPhase;
			buildActionMask = 2147483647;
			files = (
			);
			runOnlyForDeploymentPostprocessing = 0;
		};
/* End PBXFrameworksBuildPhase section */

/* Begin PBXGroup section */
		5016D8F725371B0A00710F9A /* View */ = {
			isa = PBXGroup;
			children = (
				5071E3A02535F60000D2A119 /* Main.storyboard */,
				5016D8F825371B5300710F9A /* HouseTableViewCell.swift */,
				5016D8F925371B5300710F9A /* HouseTableViewCell.xib */,
				5016D9292538946D00710F9A /* HouseImageTableViewCell.swift */,
				5016D92A2538946D00710F9A /* HouseImageTableViewCell.xib */,
				5016D92E2538990300710F9A /* HouseDetailsTableViewCell.swift */,
				5016D92F2538990300710F9A /* HouseDetailsTableViewCell.xib */,
				5016D93325389EF100710F9A /* HouseDescriptionTableViewCell.swift */,
				5016D93425389EF100710F9A /* HouseDescriptionTableViewCell.xib */,
			);
			path = View;
			sourceTree = "<group>";
		};
		5016D8FE25371CBD00710F9A /* Controller */ = {
			isa = PBXGroup;
			children = (
				5016D90425371D2600710F9A /* HouseListViewController.swift */,
				5016D944253979B100710F9A /* HouseDetailViewController.swift */,
			);
			path = Controller;
			sourceTree = "<group>";
		};
		5071E38E2535F60000D2A119 = {
			isa = PBXGroup;
			children = (
				5016D8FE25371CBD00710F9A /* Controller */,
				5016D8F725371B0A00710F9A /* View */,
				5071E3B02535F6CF00D2A119 /* Sample */,
				5071E3AF2535F6CA00D2A119 /* Model */,
				5071E3992535F60000D2A119 /* ShareHouse */,
				5071E3982535F60000D2A119 /* Products */,
			);
			sourceTree = "<group>";
		};
		5071E3982535F60000D2A119 /* Products */ = {
			isa = PBXGroup;
			children = (
				5071E3972535F60000D2A119 /* ShareHouse.app */,
			);
			name = Products;
			sourceTree = "<group>";
		};
		5071E3992535F60000D2A119 /* ShareHouse */ = {
			isa = PBXGroup;
			children = (
				5016D90A2537331C00710F9A /* UIImage.swift */,
				5071E39A2535F60000D2A119 /* AppDelegate.swift */,
				5071E39C2535F60000D2A119 /* SceneDelegate.swift */,
				5071E3A32535F60100D2A119 /* Assets.xcassets */,
				5071E3A52535F60100D2A119 /* LaunchScreen.storyboard */,
				5071E3A82535F60100D2A119 /* Info.plist */,
			);
			path = ShareHouse;
			sourceTree = "<group>";
		};
		5071E3AF2535F6CA00D2A119 /* Model */ = {
			isa = PBXGroup;
			children = (
				5071E3B52535FAB100D2A119 /* Houses.swift */,
				5016D90725371EEB00710F9A /* HouseListDataSource.swift */,
				5016D9102537973900710F9A /* MapPoint.swift */,
				5016D94725397E4E00710F9A /* HouseDetailDataSource.swift */,
			);
			path = Model;
			sourceTree = "<group>";
		};
		5071E3B02535F6CF00D2A119 /* Sample */ = {
			isa = PBXGroup;
			children = (
				5071E3C02535FE6200D2A119 /* HouseList.json */,
				5071E3C32535FE7200D2A119 /* HouseDetails.json */,
			);
			path = Sample;
			sourceTree = "<group>";
		};
/* End PBXGroup section */

/* Begin PBXNativeTarget section */
		5071E3962535F60000D2A119 /* ShareHouse */ = {
			isa = PBXNativeTarget;
			buildConfigurationList = 5071E3AB2535F60100D2A119 /* Build configuration list for PBXNativeTarget "ShareHouse" */;
			buildPhases = (
				5071E3932535F60000D2A119 /* Sources */,
				5071E3942535F60000D2A119 /* Frameworks */,
				5071E3952535F60000D2A119 /* Resources */,
			);
			buildRules = (
			);
			dependencies = (
			);
			name = ShareHouse;
			productName = ShareHouse;
			productReference = 5071E3972535F60000D2A119 /* ShareHouse.app */;
			productType = "com.apple.product-type.application";
		};
/* End PBXNativeTarget section */

/* Begin PBXProject section */
		5071E38F2535F60000D2A119 /* Project object */ = {
			isa = PBXProject;
			attributes = {
				LastSwiftUpdateCheck = 1200;
				LastUpgradeCheck = 1200;
				TargetAttributes = {
					5071E3962535F60000D2A119 = {
						CreatedOnToolsVersion = 12.0.1;
					};
				};
			};
			buildConfigurationList = 5071E3922535F60000D2A119 /* Build configuration list for PBXProject "ShareHouse" */;
			compatibilityVersion = "Xcode 9.3";
			developmentRegion = en;
			hasScannedForEncodings = 0;
			knownRegions = (
				en,
				Base,
			);
			mainGroup = 5071E38E2535F60000D2A119;
			productRefGroup = 5071E3982535F60000D2A119 /* Products */;
			projectDirPath = "";
			projectRoot = "";
			targets = (
				5071E3962535F60000D2A119 /* ShareHouse */,
			);
		};
/* End PBXProject section */

/* Begin PBXResourcesBuildPhase section */
		5071E3952535F60000D2A119 /* Resources */ = {
			isa = PBXResourcesBuildPhase;
			buildActionMask = 2147483647;
			files = (
				5016D8FB25371B5300710F9A /* HouseTableViewCell.xib in Resources */,
				5071E3A72535F60100D2A119 /* LaunchScreen.storyboard in Resources */,
				5071E3C42535FE7200D2A119 /* HouseDetails.json in Resources */,
				5016D9312538990300710F9A /* HouseDetailsTableViewCell.xib in Resources */,
				5071E3A42535F60100D2A119 /* Assets.xcassets in Resources */,
				5016D92C2538946D00710F9A /* HouseImageTableViewCell.xib in Resources */,
				5016D93625389EF100710F9A /* HouseDescriptionTableViewCell.xib in Resources */,
				5071E3C12535FE6200D2A119 /* HouseList.json in Resources */,
				5071E3A22535F60000D2A119 /* Main.storyboard in Resources */,
			);
			runOnlyForDeploymentPostprocessing = 0;
		};
/* End PBXResourcesBuildPhase section */

/* Begin PBXSourcesBuildPhase section */
		5071E3932535F60000D2A119 /* Sources */ = {
			isa = PBXSourcesBuildPhase;
			buildActionMask = 2147483647;
			files = (
				5016D90B2537331C00710F9A /* UIImage.swift in Sources */,
				5016D9112537973900710F9A /* MapPoint.swift in Sources */,
				5071E39B2535F60000D2A119 /* AppDelegate.swift in Sources */,
				5071E3B62535FAB100D2A119 /* Houses.swift in Sources */,
				5016D94825397E4E00710F9A /* HouseDetailDataSource.swift in Sources */,
				5016D945253979B100710F9A /* HouseDetailViewController.swift in Sources */,
				5071E39D2535F60000D2A119 /* SceneDelegate.swift in Sources */,
				5016D90825371EEB00710F9A /* HouseListDataSource.swift in Sources */,
				5016D8FA25371B5300710F9A /* HouseTableViewCell.swift in Sources */,
				5016D9302538990300710F9A /* HouseDetailsTableViewCell.swift in Sources */,
				5016D90525371D2600710F9A /* HouseListViewController.swift in Sources */,
				5016D92B2538946D00710F9A /* HouseImageTableViewCell.swift in Sources */,
				5016D93525389EF100710F9A /* HouseDescriptionTableViewCell.swift in Sources */,
			);
			runOnlyForDeploymentPostprocessing = 0;
		};
/* End PBXSourcesBuildPhase section */

/* Begin PBXVariantGroup section */
		5071E3A02535F60000D2A119 /* Main.storyboard */ = {
			isa = PBXVariantGroup;
			children = (
				5071E3A12535F60000D2A119 /* Base */,
			);
			name = Main.storyboard;
			sourceTree = "<group>";
		};
		5071E3A52535F60100D2A119 /* LaunchScreen.storyboard */ = {
			isa = PBXVariantGroup;
			children = (
				5071E3A62535F60100D2A119 /* Base */,
			);
			name = LaunchScreen.storyboard;
			sourceTree = "<group>";
		};
/* End PBXVariantGroup section */

/* Begin XCBuildConfiguration section */
		5071E3A92535F60100D2A119 /* Debug */ = {
			isa = XCBuildConfiguration;
			buildSettings = {
				ALWAYS_SEARCH_USER_PATHS = NO;
				CLANG_ANALYZER_NONNULL = YES;
				CLANG_ANALYZER_NUMBER_OBJECT_CONVERSION = YES_AGGRESSIVE;
				CLANG_CXX_LANGUAGE_STANDARD = "gnu++14";
				CLANG_CXX_LIBRARY = "libc++";
				CLANG_ENABLE_MODULES = YES;
				CLANG_ENABLE_OBJC_ARC = YES;
				CLANG_ENABLE_OBJC_WEAK = YES;
				CLANG_WARN_BLOCK_CAPTURE_AUTORELEASING = YES;
				CLANG_WARN_BOOL_CONVERSION = YES;
				CLANG_WARN_COMMA = YES;
				CLANG_WARN_CONSTANT_CONVERSION = YES;
				CLANG_WARN_DEPRECATED_OBJC_IMPLEMENTATIONS = YES;
				CLANG_WARN_DIRECT_OBJC_ISA_USAGE = YES_ERROR;
				CLANG_WARN_DOCUMENTATION_COMMENTS = YES;
				CLANG_WARN_EMPTY_BODY = YES;
				CLANG_WARN_ENUM_CONVERSION = YES;
				CLANG_WARN_INFINITE_RECURSION = YES;
				CLANG_WARN_INT_CONVERSION = YES;
				CLANG_WARN_NON_LITERAL_NULL_CONVERSION = YES;
				CLANG_WARN_OBJC_IMPLICIT_RETAIN_SELF = YES;
				CLANG_WARN_OBJC_LITERAL_CONVERSION = YES;
				CLANG_WARN_OBJC_ROOT_CLASS = YES_ERROR;
				CLANG_WARN_QUOTED_INCLUDE_IN_FRAMEWORK_HEADER = YES;
				CLANG_WARN_RANGE_LOOP_ANALYSIS = YES;
				CLANG_WARN_STRICT_PROTOTYPES = YES;
				CLANG_WARN_SUSPICIOUS_MOVE = YES;
				CLANG_WARN_UNGUARDED_AVAILABILITY = YES_AGGRESSIVE;
				CLANG_WARN_UNREACHABLE_CODE = YES;
				CLANG_WARN__DUPLICATE_METHOD_MATCH = YES;
				COPY_PHASE_STRIP = NO;
				DEBUG_INFORMATION_FORMAT = dwarf;
				ENABLE_STRICT_OBJC_MSGSEND = YES;
				ENABLE_TESTABILITY = YES;
				GCC_C_LANGUAGE_STANDARD = gnu11;
				GCC_DYNAMIC_NO_PIC = NO;
				GCC_NO_COMMON_BLOCKS = YES;
				GCC_OPTIMIZATION_LEVEL = 0;
				GCC_PREPROCESSOR_DEFINITIONS = (
					"DEBUG=1",
					"$(inherited)",
				);
				GCC_WARN_64_TO_32_BIT_CONVERSION = YES;
				GCC_WARN_ABOUT_RETURN_TYPE = YES_ERROR;
				GCC_WARN_UNDECLARED_SELECTOR = YES;
				GCC_WARN_UNINITIALIZED_AUTOS = YES_AGGRESSIVE;
				GCC_WARN_UNUSED_FUNCTION = YES;
				GCC_WARN_UNUSED_VARIABLE = YES;
				IPHONEOS_DEPLOYMENT_TARGET = 14.0;
				MTL_ENABLE_DEBUG_INFO = INCLUDE_SOURCE;
				MTL_FAST_MATH = YES;
				ONLY_ACTIVE_ARCH = YES;
				SDKROOT = iphoneos;
				SWIFT_ACTIVE_COMPILATION_CONDITIONS = DEBUG;
				SWIFT_OPTIMIZATION_LEVEL = "-Onone";
			};
			name = Debug;
		};
		5071E3AA2535F60100D2A119 /* Release */ = {
			isa = XCBuildConfiguration;
			buildSettings = {
				ALWAYS_SEARCH_USER_PATHS = NO;
				CLANG_ANALYZER_NONNULL = YES;
				CLANG_ANALYZER_NUMBER_OBJECT_CONVERSION = YES_AGGRESSIVE;
				CLANG_CXX_LANGUAGE_STANDARD = "gnu++14";
				CLANG_CXX_LIBRARY = "libc++";
				CLANG_ENABLE_MODULES = YES;
				CLANG_ENABLE_OBJC_ARC = YES;
				CLANG_ENABLE_OBJC_WEAK = YES;
				CLANG_WARN_BLOCK_CAPTURE_AUTORELEASING = YES;
				CLANG_WARN_BOOL_CONVERSION = YES;
				CLANG_WARN_COMMA = YES;
				CLANG_WARN_CONSTANT_CONVERSION = YES;
				CLANG_WARN_DEPRECATED_OBJC_IMPLEMENTATIONS = YES;
				CLANG_WARN_DIRECT_OBJC_ISA_USAGE = YES_ERROR;
				CLANG_WARN_DOCUMENTATION_COMMENTS = YES;
				CLANG_WARN_EMPTY_BODY = YES;
				CLANG_WARN_ENUM_CONVERSION = YES;
				CLANG_WARN_INFINITE_RECURSION = YES;
				CLANG_WARN_INT_CONVERSION = YES;
				CLANG_WARN_NON_LITERAL_NULL_CONVERSION = YES;
				CLANG_WARN_OBJC_IMPLICIT_RETAIN_SELF = YES;
				CLANG_WARN_OBJC_LITERAL_CONVERSION = YES;
				CLANG_WARN_OBJC_ROOT_CLASS = YES_ERROR;
				CLANG_WARN_QUOTED_INCLUDE_IN_FRAMEWORK_HEADER = YES;
				CLANG_WARN_RANGE_LOOP_ANALYSIS = YES;
				CLANG_WARN_STRICT_PROTOTYPES = YES;
				CLANG_WARN_SUSPICIOUS_MOVE = YES;
				CLANG_WARN_UNGUARDED_AVAILABILITY = YES_AGGRESSIVE;
				CLANG_WARN_UNREACHABLE_CODE = YES;
				CLANG_WARN__DUPLICATE_METHOD_MATCH = YES;
				COPY_PHASE_STRIP = NO;
				DEBUG_INFORMATION_FORMAT = "dwarf-with-dsym";
				ENABLE_NS_ASSERTIONS = NO;
				ENABLE_STRICT_OBJC_MSGSEND = YES;
				GCC_C_LANGUAGE_STANDARD = gnu11;
				GCC_NO_COMMON_BLOCKS = YES;
				GCC_WARN_64_TO_32_BIT_CONVERSION = YES;
				GCC_WARN_ABOUT_RETURN_TYPE = YES_ERROR;
				GCC_WARN_UNDECLARED_SELECTOR = YES;
				GCC_WARN_UNINITIALIZED_AUTOS = YES_AGGRESSIVE;
				GCC_WARN_UNUSED_FUNCTION = YES;
				GCC_WARN_UNUSED_VARIABLE = YES;
				IPHONEOS_DEPLOYMENT_TARGET = 14.0;
				MTL_ENABLE_DEBUG_INFO = NO;
				MTL_FAST_MATH = YES;
				SDKROOT = iphoneos;
				SWIFT_COMPILATION_MODE = wholemodule;
				SWIFT_OPTIMIZATION_LEVEL = "-O";
				VALIDATE_PRODUCT = YES;
			};
			name = Release;
		};
		5071E3AC2535F60100D2A119 /* Debug */ = {
			isa = XCBuildConfiguration;
			buildSettings = {
				ASSETCATALOG_COMPILER_APPICON_NAME = AppIcon;
				ASSETCATALOG_COMPILER_GLOBAL_ACCENT_COLOR_NAME = AccentColor;
				CODE_SIGN_STYLE = Automatic;
				DEVELOPMENT_TEAM = UCS9ZZ9J83;
				INFOPLIST_FILE = ShareHouse/Info.plist;
				LD_RUNPATH_SEARCH_PATHS = (
					"$(inherited)",
					"@executable_path/Frameworks",
				);
				PRODUCT_BUNDLE_IDENTIFIER = es.mmeyfour.ShareHouse;
				PRODUCT_NAME = "$(TARGET_NAME)";
				SWIFT_VERSION = 5.0;
				TARGETED_DEVICE_FAMILY = "1,2";
			};
			name = Debug;
		};
		5071E3AD2535F60100D2A119 /* Release */ = {
			isa = XCBuildConfiguration;
			buildSettings = {
				ASSETCATALOG_COMPILER_APPICON_NAME = AppIcon;
				ASSETCATALOG_COMPILER_GLOBAL_ACCENT_COLOR_NAME = AccentColor;
				CODE_SIGN_STYLE = Automatic;
				DEVELOPMENT_TEAM = UCS9ZZ9J83;
				INFOPLIST_FILE = ShareHouse/Info.plist;
				LD_RUNPATH_SEARCH_PATHS = (
					"$(inherited)",
					"@executable_path/Frameworks",
				);
				PRODUCT_BUNDLE_IDENTIFIER = es.mmeyfour.ShareHouse;
				PRODUCT_NAME = "$(TARGET_NAME)";
				SWIFT_VERSION = 5.0;
				TARGETED_DEVICE_FAMILY = "1,2";
			};
			name = Release;
		};
/* End XCBuildConfiguration section */

/* Begin XCConfigurationList section */
		5071E3922535F60000D2A119 /* Build configuration list for PBXProject "ShareHouse" */ = {
			isa = XCConfigurationList;
			buildConfigurations = (
				5071E3A92535F60100D2A119 /* Debug */,
				5071E3AA2535F60100D2A119 /* Release */,
			);
			defaultConfigurationIsVisible = 0;
			defaultConfigurationName = Release;
		};
		5071E3AB2535F60100D2A119 /* Build configuration list for PBXNativeTarget "ShareHouse" */ = {
			isa = XCConfigurationList;
			buildConfigurations = (
				5071E3AC2535F60100D2A119 /* Debug */,
				5071E3AD2535F60100D2A119 /* Release */,
			);
			defaultConfigurationIsVisible = 0;
			defaultConfigurationName = Release;
		};
/* End XCConfigurationList section */
	};
	rootObject = 5071E38F2535F60000D2A119 /* Project object */;
}
